
Microsoft Visual Studio Solution File, Format Version 12.00
# Visual Studio Version 16
VisualStudioVersion = 16.0.29306.81
MinimumVisualStudioVersion = 10.0.40219.1
Project("{FAE04EC0-301F-11D3-BF4B-00C04F79EFBC}") = "HomeTicaret", "HomeTicaret\HomeTicaret.csproj", "{551723CA-C139-476A-A3AA-D2BA62F6B68F}"
EndProject
Project("{FAE04EC0-301F-11D3-BF4B-00C04F79EFBC}") = "HomeTicaretCore", "HomeTicaretCore\HomeTicaretCore.csproj", "{9DE74AD0-B25D-464D-8AE0-35BA47AFABE7}"
EndProject
Global
	GlobalSection(SolutionConfigurationPlatforms) = preSolution
		Debug|Any CPU = Debug|Any CPU
		Release|Any CPU = Release|Any CPU
	EndGlobalSection
	GlobalSection(ProjectConfigurationPlatforms) = postSolution
		{551723CA-C139-476A-A3AA-D2BA62F6B68F}.Debug|Any CPU.ActiveCfg = Debug|Any CPU
		{551723CA-C139-476A-A3AA-D2BA62F6B68F}.Debug|Any CPU.Build.0 = Debug|Any CPU
		{551723CA-C139-476A-A3AA-D2BA62F6B68F}.Release|Any CPU.ActiveCfg = Release|Any CPU
		{551723CA-C139-476A-A3AA-D2BA62F6B68F}.Release|Any CPU.Build.0 = Release|Any CPU
		{9DE74AD0-B25D-464D-8AE0-35BA47AFABE7}.Debug|Any CPU.ActiveCfg = Debug|Any CPU
		{9DE74AD0-B25D-464D-8AE0-35BA47AFABE7}.Debug|Any CPU.Build.0 = Debug|Any CPU
		{9DE74AD0-B25D-464D-8AE0-35BA47AFABE7}.Release|Any CPU.ActiveCfg = Release|Any CPU
		{9DE74AD0-B25D-464D-8AE0-35BA47AFABE7}.Release|Any CPU.Build.0 = Release|Any CPU
	EndGlobalSection
	GlobalSection(SolutionProperties) = preSolution
		HideSolutionNode = FALSE
	EndGlobalSection
	GlobalSection(ExtensibilityGlobals) = postSolution
		SolutionGuid = {B3189B11-983D-4E1D-AA25-0251162A7C4A}
	EndGlobalSection
EndGlobal
